{
  "name": "chat",
  "version": "1.0.0",
  "lockfileVersion": 3,
  "requires": true,
  "packages": {
    "": {
      "name": "chat",
      "version": "1.0.0",
      "dependencies": {
        "openai": "^5.9.2"
      }
    },
    "node_modules/openai": {
      "version": "5.9.2",
      "resolved": "https://registry.npmjs.org/openai/-/openai-5.9.2.tgz",
      "integrity": "sha512-d7t/lRkwZpSwIk7GW3EHRSGAlsuoi1WL6VhCO02raEzZO2ahEVAbWn3WmOcpeh9zF6xF9weJXoVeDkWJRz+SHA==",
      "license": "Apache-2.0",
      "bin": {
        "openai": "bin/cli"
      },
      "peerDependencies": {
        "ws": "^8.18.0",
        "zod": "^3.23.8"
      },
      "peerDependenciesMeta": {
        "ws": {
          "optional": true
        },
        "zod": {
          "optional": true
        }
      }
    }
  }
}
